// !$*UTF8*$!
{
	archiveVersion = 1;
	classes = {
	};
	objectVersion = 56;
	objects = {

/* Begin PBXBuildFile section */
		44AAB9242A9F7B0F006BAE34 /* ComposableArchitecture in Frameworks */ = {isa = PBXBuildFile; productRef = 44AAB9232A9F7B0F006BAE34 /* ComposableArchitecture */; };
		44B033D82A856273003512D2 /* SonarCloudTestsApp.swift in Sources */ = {isa = PBXBuildFile; fileRef = 44B033D72A856273003512D2 /* SonarCloudTestsApp.swift */; };
		44B033DA2A856273003512D2 /* ContentView.swift in Sources */ = {isa = PBXBuildFile; fileRef = 44B033D92A856273003512D2 /* ContentView.swift */; };
		44B033DC2A856274003512D2 /* Assets.xcassets in Resources */ = {isa = PBXBuildFile; fileRef = 44B033DB2A856274003512D2 /* Assets.xcassets */; };
		44B033DF2A856274003512D2 /* Preview Assets.xcassets in Resources */ = {isa = PBXBuildFile; fileRef = 44B033DE2A856274003512D2 /* Preview Assets.xcassets */; };
		44B033E92A856274003512D2 /* SonarCloudTestsTests.swift in Sources */ = {isa = PBXBuildFile; fileRef = 44B033E82A856274003512D2 /* SonarCloudTestsTests.swift */; };
		44B033F32A856274003512D2 /* SonarCloudTestsUITests.swift in Sources */ = {isa = PBXBuildFile; fileRef = 44B033F22A856274003512D2 /* SonarCloudTestsUITests.swift */; };
		44B033F52A856274003512D2 /* SonarCloudTestsUITestsLaunchTests.swift in Sources */ = {isa = PBXBuildFile; fileRef = 44B033F42A856274003512D2 /* SonarCloudTestsUITestsLaunchTests.swift */; };
/* End PBXBuildFile section */

/* Begin PBXContainerItemProxy section */
		44B033E52A856274003512D2 /* PBXContainerItemProxy */ = {
			isa = PBXContainerItemProxy;
			containerPortal = 44B033CC2A856273003512D2 /* Project object */;
			proxyType = 1;
			remoteGlobalIDString = 44B033D32A856273003512D2;
			remoteInfo = SonarCloudTests;
		};
		44B033EF2A856274003512D2 /* PBXContainerItemProxy */ = {
			isa = PBXContainerItemProxy;
			containerPortal = 44B033CC2A856273003512D2 /* Project object */;
			proxyType = 1;
			remoteGlobalIDString = 44B033D32A856273003512D2;
			remoteInfo = SonarCloudTests;
		};
/* End PBXContainerItemProxy section */

/* Begin PBXFileReference section */
		44B033D42A856273003512D2 /* SonarCloudTests.app */ = {isa = PBXFileReference; explicitFileType = wrapper.application; includeInIndex = 0; path = SonarCloudTests.app; sourceTree = BUILT_PRODUCTS_DIR; };
		44B033D72A856273003512D2 /* SonarCloudTestsApp.swift */ = {isa = PBXFileReference; lastKnownFileType = sourcecode.swift; path = SonarCloudTestsApp.swift; sourceTree = "<group>"; };
		44B033D92A856273003512D2 /* ContentView.swift */ = {isa = PBXFileReference; lastKnownFileType = sourcecode.swift; path = ContentView.swift; sourceTree = "<group>"; };
		44B033DB2A856274003512D2 /* Assets.xcassets */ = {isa = PBXFileReference; lastKnownFileType = folder.assetcatalog; path = Assets.xcassets; sourceTree = "<group>"; };
		44B033DE2A856274003512D2 /* Preview Assets.xcassets */ = {isa = PBXFileReference; lastKnownFileType = folder.assetcatalog; path = "Preview Assets.xcassets"; sourceTree = "<group>"; };
		44B033E42A856274003512D2 /* SonarCloudTestsTests.xctest */ = {isa = PBXFileReference; explicitFileType = wrapper.cfbundle; includeInIndex = 0; path = SonarCloudTestsTests.xctest; sourceTree = BUILT_PRODUCTS_DIR; };
		44B033E82A856274003512D2 /* SonarCloudTestsTests.swift */ = {isa = PBXFileReference; lastKnownFileType = sourcecode.swift; path = SonarCloudTestsTests.swift; sourceTree = "<group>"; };
		44B033EE2A856274003512D2 /* SonarCloudTestsUITests.xctest */ = {isa = PBXFileReference; explicitFileType = wrapper.cfbundle; includeInIndex = 0; path = SonarCloudTestsUITests.xctest; sourceTree = BUILT_PRODUCTS_DIR; };
		44B033F22A856274003512D2 /* SonarCloudTestsUITests.swift */ = {isa = PBXFileReference; lastKnownFileType = sourcecode.swift; path = SonarCloudTestsUITests.swift; sourceTree = "<group>"; };
		44B033F42A856274003512D2 /* SonarCloudTestsUITestsLaunchTests.swift */ = {isa = PBXFileReference; lastKnownFileType = sourcecode.swift; path = SonarCloudTestsUITestsLaunchTests.swift; sourceTree = "<group>"; };
/* End PBXFileReference section */

/* Begin PBXFrameworksBuildPhase section */
		44B033D12A856273003512D2 /* Frameworks */ = {
			isa = PBXFrameworksBuildPhase;
			buildActionMask = 2147483647;
			files = (
				44AAB9242A9F7B0F006BAE34 /* ComposableArchitecture in Frameworks */,
			);
			runOnlyForDeploymentPostprocessing = 0;
		};
		44B033E12A856274003512D2 /* Frameworks */ = {
			isa = PBXFrameworksBuildPhase;
			buildActionMask = 2147483647;
			files = (
			);
			runOnlyForDeploymentPostprocessing = 0;
		};
		44B033EB2A856274003512D2 /* Frameworks */ = {
			isa = PBXFrameworksBuildPhase;
			buildActionMask = 2147483647;
			files = (
			);
			runOnlyForDeploymentPostprocessing = 0;
		};
/* End PBXFrameworksBuildPhase section */

/* Begin PBXGroup section */
		44B033CB2A856273003512D2 = {
			isa = PBXGroup;
			children = (
				44B033D62A856273003512D2 /* SonarCloudTests */,
				44B033E72A856274003512D2 /* SonarCloudTestsTests */,
				44B033F12A856274003512D2 /* SonarCloudTestsUITests */,
				44B033D52A856273003512D2 /* Products */,
			);
			sourceTree = "<group>";
		};
		44B033D52A856273003512D2 /* Products */ = {
			isa = PBXGroup;
			children = (
				44B033D42A856273003512D2 /* SonarCloudTests.app */,
				44B033E42A856274003512D2 /* SonarCloudTestsTests.xctest */,
				44B033EE2A856274003512D2 /* SonarCloudTestsUITests.xctest */,
			);
			name = Products;
			sourceTree = "<group>";
		};
		44B033D62A856273003512D2 /* SonarCloudTests */ = {
			isa = PBXGroup;
			children = (
				44B033D72A856273003512D2 /* SonarCloudTestsApp.swift */,
				44B033D92A856273003512D2 /* ContentView.swift */,
				44B033DB2A856274003512D2 /* Assets.xcassets */,
				44B033DD2A856274003512D2 /* Preview Content */,
			);
			path = SonarCloudTests;
			sourceTree = "<group>";
		};
		44B033DD2A856274003512D2 /* Preview Content */ = {
			isa = PBXGroup;
			children = (
				44B033DE2A856274003512D2 /* Preview Assets.xcassets */,
			);
			path = "Preview Content";
			sourceTree = "<group>";
		};
		44B033E72A856274003512D2 /* SonarCloudTestsTests */ = {
			isa = PBXGroup;
			children = (
				44B033E82A856274003512D2 /* SonarCloudTestsTests.swift */,
			);
			path = SonarCloudTestsTests;
			sourceTree = "<group>";
		};
		44B033F12A856274003512D2 /* SonarCloudTestsUITests */ = {
			isa = PBXGroup;
			children = (
				44B033F22A856274003512D2 /* SonarCloudTestsUITests.swift */,
				44B033F42A856274003512D2 /* SonarCloudTestsUITestsLaunchTests.swift */,
			);
			path = SonarCloudTestsUITests;
			sourceTree = "<group>";
		};
/* End PBXGroup section */

/* Begin PBXNativeTarget section */
		44B033D32A856273003512D2 /* SonarCloudTests */ = {
			isa = PBXNativeTarget;
			buildConfigurationList = 44B033F82A856274003512D2 /* Build configuration list for PBXNativeTarget "SonarCloudTests" */;
			buildPhases = (
				44B033D02A856273003512D2 /* Sources */,
				44B033D12A856273003512D2 /* Frameworks */,
				44B033D22A856273003512D2 /* Resources */,
			);
			buildRules = (
			);
			dependencies = (
			);
			name = SonarCloudTests;
			packageProductDependencies = (
				44AAB9232A9F7B0F006BAE34 /* ComposableArchitecture */,
			);
			productName = SonarCloudTests;
			productReference = 44B033D42A856273003512D2 /* SonarCloudTests.app */;
			productType = "com.apple.product-type.application";
		};
		44B033E32A856274003512D2 /* SonarCloudTestsTests */ = {
			isa = PBXNativeTarget;
			buildConfigurationList = 44B033FB2A856274003512D2 /* Build configuration list for PBXNativeTarget "SonarCloudTestsTests" */;
			buildPhases = (
				44B033E02A856274003512D2 /* Sources */,
				44B033E12A856274003512D2 /* Frameworks */,
				44B033E22A856274003512D2 /* Resources */,
			);
			buildRules = (
			);
			dependencies = (
				44B033E62A856274003512D2 /* PBXTargetDependency */,
			);
			name = SonarCloudTestsTests;
			productName = SonarCloudTestsTests;
			productReference = 44B033E42A856274003512D2 /* SonarCloudTestsTests.xctest */;
			productType = "com.apple.product-type.bundle.unit-test";
		};
		44B033ED2A856274003512D2 /* SonarCloudTestsUITests */ = {
			isa = PBXNativeTarget;
			buildConfigurationList = 44B033FE2A856274003512D2 /* Build configuration list for PBXNativeTarget "SonarCloudTestsUITests" */;
			buildPhases = (
				44B033EA2A856274003512D2 /* Sources */,
				44B033EB2A856274003512D2 /* Frameworks */,
				44B033EC2A856274003512D2 /* Resources */,
			);
			buildRules = (
			);
			dependencies = (
				44B033F02A856274003512D2 /* PBXTargetDependency */,
			);
			name = SonarCloudTestsUITests;
			productName = SonarCloudTestsUITests;
			productReference = 44B033EE2A856274003512D2 /* SonarCloudTestsUITests.xctest */;
			productType = "com.apple.product-type.bundle.ui-testing";
		};
/* End PBXNativeTarget section */

/* Begin PBXProject section */
		44B033CC2A856273003512D2 /* Project object */ = {
			isa = PBXProject;
			attributes = {
				BuildIndependentTargetsInParallel = 1;
				LastSwiftUpdateCheck = 1430;
				LastUpgradeCheck = 1430;
				TargetAttributes = {
					44B033D32A856273003512D2 = {
						CreatedOnToolsVersion = 14.3.1;
					};
					44B033E32A856274003512D2 = {
						CreatedOnToolsVersion = 14.3.1;
						TestTargetID = 44B033D32A856273003512D2;
					};
					44B033ED2A856274003512D2 = {
						CreatedOnToolsVersion = 14.3.1;
						TestTargetID = 44B033D32A856273003512D2;
					};
				};
			};
			buildConfigurationList = 44B033CF2A856273003512D2 /* Build configuration list for PBXProject "SonarCloudTests" */;
			compatibilityVersion = "Xcode 14.0";
			developmentRegion = en;
			hasScannedForEncodings = 0;
			knownRegions = (
				en,
				Base,
			);
			mainGroup = 44B033CB2A856273003512D2;
			packageReferences = (
				44AAB9222A9F7B0F006BAE34 /* XCRemoteSwiftPackageReference "swift-composable-architecture" */,
			);
			productRefGroup = 44B033D52A856273003512D2 /* Products */;
			projectDirPath = "";
			projectRoot = "";
			targets = (
				44B033D32A856273003512D2 /* SonarCloudTests */,
				44B033E32A856274003512D2 /* SonarCloudTestsTests */,
				44B033ED2A856274003512D2 /* SonarCloudTestsUITests */,
			);
		};
/* End PBXProject section */

/* Begin PBXResourcesBuildPhase section */
		44B033D22A856273003512D2 /* Resources */ = {
			isa = PBXResourcesBuildPhase;
			buildActionMask = 2147483647;
			files = (
				44B033DF2A856274003512D2 /* Preview Assets.xcassets in Resources */,
				44B033DC2A856274003512D2 /* Assets.xcassets in Resources */,
			);
			runOnlyForDeploymentPostprocessing = 0;
		};
		44B033E22A856274003512D2 /* Resources */ = {
			isa = PBXResourcesBuildPhase;
			buildActionMask = 2147483647;
			files = (
			);
			runOnlyForDeploymentPostprocessing = 0;
		};
		44B033EC2A856274003512D2 /* Resources */ = {
			isa = PBXResourcesBuildPhase;
			buildActionMask = 2147483647;
			files = (
			);
			runOnlyForDeploymentPostprocessing = 0;
		};
/* End PBXResourcesBuildPhase section */

/* Begin PBXSourcesBuildPhase section */
		44B033D02A856273003512D2 /* Sources */ = {
			isa = PBXSourcesBuildPhase;
			buildActionMask = 2147483647;
			files = (
				44B033DA2A856273003512D2 /* ContentView.swift in Sources */,
				44B033D82A856273003512D2 /* SonarCloudTestsApp.swift in Sources */,
			);
			runOnlyForDeploymentPostprocessing = 0;
		};
		44B033E02A856274003512D2 /* Sources */ = {
			isa = PBXSourcesBuildPhase;
			buildActionMask = 2147483647;
			files = (
				44B033E92A856274003512D2 /* SonarCloudTestsTests.swift in Sources */,
			);
			runOnlyForDeploymentPostprocessing = 0;
		};
		44B033EA2A856274003512D2 /* Sources */ = {
			isa = PBXSourcesBuildPhase;
			buildActionMask = 2147483647;
			files = (
				44B033F52A856274003512D2 /* SonarCloudTestsUITestsLaunchTests.swift in Sources */,
				44B033F32A856274003512D2 /* SonarCloudTestsUITests.swift in Sources */,
			);
			runOnlyForDeploymentPostprocessing = 0;
		};
/* End PBXSourcesBuildPhase section */

/* Begin PBXTargetDependency section */
		44B033E62A856274003512D2 /* PBXTargetDependency */ = {
			isa = PBXTargetDependency;
			target = 44B033D32A856273003512D2 /* SonarCloudTests */;
			targetProxy = 44B033E52A856274003512D2 /* PBXContainerItemProxy */;
		};
		44B033F02A856274003512D2 /* PBXTargetDependency */ = {
			isa = PBXTargetDependency;
			target = 44B033D32A856273003512D2 /* SonarCloudTests */;
			targetProxy = 44B033EF2A856274003512D2 /* PBXContainerItemProxy */;
		};
/* End PBXTargetDependency section */

/* Begin XCBuildConfiguration section */
		44B033F62A856274003512D2 /* Debug */ = {
			isa = XCBuildConfiguration;
			buildSettings = {
				ALWAYS_SEARCH_USER_PATHS = NO;
				CLANG_ANALYZER_NONNULL = YES;
				CLANG_ANALYZER_NUMBER_OBJECT_CONVERSION = YES_AGGRESSIVE;
				CLANG_CXX_LANGUAGE_STANDARD = "gnu++20";
				CLANG_ENABLE_MODULES = YES;
				CLANG_ENABLE_OBJC_ARC = YES;
				CLANG_ENABLE_OBJC_WEAK = YES;
				CLANG_WARN_BLOCK_CAPTURE_AUTORELEASING = YES;
				CLANG_WARN_BOOL_CONVERSION = YES;
				CLANG_WARN_COMMA = YES;
				CLANG_WARN_CONSTANT_CONVERSION = YES;
				CLANG_WARN_DEPRECATED_OBJC_IMPLEMENTATIONS = YES;
				CLANG_WARN_DIRECT_OBJC_ISA_USAGE = YES_ERROR;
				CLANG_WARN_DOCUMENTATION_COMMENTS = YES;
				CLANG_WARN_EMPTY_BODY = YES;
				CLANG_WARN_ENUM_CONVERSION = YES;
				CLANG_WARN_INFINITE_RECURSION = YES;
				CLANG_WARN_INT_CONVERSION = YES;
				CLANG_WARN_NON_LITERAL_NULL_CONVERSION = YES;
				CLANG_WARN_OBJC_IMPLICIT_RETAIN_SELF = YES;
				CLANG_WARN_OBJC_LITERAL_CONVERSION = YES;
				CLANG_WARN_OBJC_ROOT_CLASS = YES_ERROR;
				CLANG_WARN_QUOTED_INCLUDE_IN_FRAMEWORK_HEADER = YES;
				CLANG_WARN_RANGE_LOOP_ANALYSIS = YES;
				CLANG_WARN_STRICT_PROTOTYPES = YES;
				CLANG_WARN_SUSPICIOUS_MOVE = YES;
				CLANG_WARN_UNGUARDED_AVAILABILITY = YES_AGGRESSIVE;
				CLANG_WARN_UNREACHABLE_CODE = YES;
				CLANG_WARN__DUPLICATE_METHOD_MATCH = YES;
				COPY_PHASE_STRIP = NO;
				DEBUG_INFORMATION_FORMAT = dwarf;
				ENABLE_STRICT_OBJC_MSGSEND = YES;
				ENABLE_TESTABILITY = YES;
				GCC_C_LANGUAGE_STANDARD = gnu11;
				GCC_DYNAMIC_NO_PIC = NO;
				GCC_NO_COMMON_BLOCKS = YES;
				GCC_OPTIMIZATION_LEVEL = 0;
				GCC_PREPROCESSOR_DEFINITIONS = (
					"DEBUG=1",
					"$(inherited)",
				);
				GCC_WARN_64_TO_32_BIT_CONVERSION = YES;
				GCC_WARN_ABOUT_RETURN_TYPE = YES_ERROR;
				GCC_WARN_UNDECLARED_SELECTOR = YES;
				GCC_WARN_UNINITIALIZED_AUTOS = YES_AGGRESSIVE;
				GCC_WARN_UNUSED_FUNCTION = YES;
				GCC_WARN_UNUSED_VARIABLE = YES;
				IPHONEOS_DEPLOYMENT_TARGET = 16.4;
				MTL_ENABLE_DEBUG_INFO = INCLUDE_SOURCE;
				MTL_FAST_MATH = YES;
				ONLY_ACTIVE_ARCH = YES;
				SDKROOT = iphoneos;
				SWIFT_ACTIVE_COMPILATION_CONDITIONS = DEBUG;
				SWIFT_OPTIMIZATION_LEVEL = "-Onone";
			};
			name = Debug;
		};
		44B033F72A856274003512D2 /* Release */ = {
			isa = XCBuildConfiguration;
			buildSettings = {
				ALWAYS_SEARCH_USER_PATHS = NO;
				CLANG_ANALYZER_NONNULL = YES;
				CLANG_ANALYZER_NUMBER_OBJECT_CONVERSION = YES_AGGRESSIVE;
				CLANG_CXX_LANGUAGE_STANDARD = "gnu++20";
				CLANG_ENABLE_MODULES = YES;
				CLANG_ENABLE_OBJC_ARC = YES;
				CLANG_ENABLE_OBJC_WEAK = YES;
				CLANG_WARN_BLOCK_CAPTURE_AUTORELEASING = YES;
				CLANG_WARN_BOOL_CONVERSION = YES;
				CLANG_WARN_COMMA = YES;
				CLANG_WARN_CONSTANT_CONVERSION = YES;
				CLANG_WARN_DEPRECATED_OBJC_IMPLEMENTATIONS = YES;
				CLANG_WARN_DIRECT_OBJC_ISA_USAGE = YES_ERROR;
				CLANG_WARN_DOCUMENTATION_COMMENTS = YES;
				CLANG_WARN_EMPTY_BODY = YES;
				CLANG_WARN_ENUM_CONVERSION = YES;
				CLANG_WARN_INFINITE_RECURSION = YES;
				CLANG_WARN_INT_CONVERSION = YES;
				CLANG_WARN_NON_LITERAL_NULL_CONVERSION = YES;
				CLANG_WARN_OBJC_IMPLICIT_RETAIN_SELF = YES;
				CLANG_WARN_OBJC_LITERAL_CONVERSION = YES;
				CLANG_WARN_OBJC_ROOT_CLASS = YES_ERROR;
				CLANG_WARN_QUOTED_INCLUDE_IN_FRAMEWORK_HEADER = YES;
				CLANG_WARN_RANGE_LOOP_ANALYSIS = YES;
				CLANG_WARN_STRICT_PROTOTYPES = YES;
				CLANG_WARN_SUSPICIOUS_MOVE = YES;
				CLANG_WARN_UNGUARDED_AVAILABILITY = YES_AGGRESSIVE;
				CLANG_WARN_UNREACHABLE_CODE = YES;
				CLANG_WARN__DUPLICATE_METHOD_MATCH = YES;
				COPY_PHASE_STRIP = NO;
				DEBUG_INFORMATION_FORMAT = "dwarf-with-dsym";
				ENABLE_NS_ASSERTIONS = NO;
				ENABLE_STRICT_OBJC_MSGSEND = YES;
				GCC_C_LANGUAGE_STANDARD = gnu11;
				GCC_NO_COMMON_BLOCKS = YES;
				GCC_WARN_64_TO_32_BIT_CONVERSION = YES;
				GCC_WARN_ABOUT_RETURN_TYPE = YES_ERROR;
				GCC_WARN_UNDECLARED_SELECTOR = YES;
				GCC_WARN_UNINITIALIZED_AUTOS = YES_AGGRESSIVE;
				GCC_WARN_UNUSED_FUNCTION = YES;
				GCC_WARN_UNUSED_VARIABLE = YES;
				IPHONEOS_DEPLOYMENT_TARGET = 16.4;
				MTL_ENABLE_DEBUG_INFO = NO;
				MTL_FAST_MATH = YES;
				SDKROOT = iphoneos;
				SWIFT_COMPILATION_MODE = wholemodule;
				SWIFT_OPTIMIZATION_LEVEL = "-O";
				VALIDATE_PRODUCT = YES;
			};
			name = Release;
		};
		44B033F92A856274003512D2 /* Debug */ = {
			isa = XCBuildConfiguration;
			buildSettings = {
				ASSETCATALOG_COMPILER_APPICON_NAME = AppIcon;
				ASSETCATALOG_COMPILER_GLOBAL_ACCENT_COLOR_NAME = AccentColor;
				CODE_SIGN_STYLE = Automatic;
				CURRENT_PROJECT_VERSION = 1;
				DEVELOPMENT_ASSET_PATHS = "\"SonarCloudTests/Preview Content\"";
				DEVELOPMENT_TEAM = B73LGVVW5J;
				ENABLE_PREVIEWS = YES;
				GENERATE_INFOPLIST_FILE = YES;
				INFOPLIST_KEY_UIApplicationSceneManifest_Generation = YES;
				INFOPLIST_KEY_UIApplicationSupportsIndirectInputEvents = YES;
				INFOPLIST_KEY_UILaunchScreen_Generation = YES;
				INFOPLIST_KEY_UISupportedInterfaceOrientations_iPad = "UIInterfaceOrientationPortrait UIInterfaceOrientationPortraitUpsideDown UIInterfaceOrientationLandscapeLeft UIInterfaceOrientationLandscapeRight";
				INFOPLIST_KEY_UISupportedInterfaceOrientations_iPhone = "UIInterfaceOrientationPortrait UIInterfaceOrientationLandscapeLeft UIInterfaceOrientationLandscapeRight";
				LD_RUNPATH_SEARCH_PATHS = (
					"$(inherited)",
					"@executable_path/Frameworks",
				);
				MARKETING_VERSION = 1.0;
				PRODUCT_BUNDLE_IDENTIFIER = com.victorkreniskiairapps.SonarCloudTests;
				PRODUCT_NAME = "$(TARGET_NAME)";
				SWIFT_EMIT_LOC_STRINGS = YES;
				SWIFT_VERSION = 5.0;
				TARGETED_DEVICE_FAMILY = "1,2";
			};
			name = Debug;
		};
		44B033FA2A856274003512D2 /* Release */ = {
			isa = XCBuildConfiguration;
			buildSettings = {
				ASSETCATALOG_COMPILER_APPICON_NAME = AppIcon;
				ASSETCATALOG_COMPILER_GLOBAL_ACCENT_COLOR_NAME = AccentColor;
				CODE_SIGN_STYLE = Automatic;
				CURRENT_PROJECT_VERSION = 1;
				DEVELOPMENT_ASSET_PATHS = "\"SonarCloudTests/Preview Content\"";
				DEVELOPMENT_TEAM = B73LGVVW5J;
				ENABLE_PREVIEWS = YES;
				GENERATE_INFOPLIST_FILE = YES;
				INFOPLIST_KEY_UIApplicationSceneManifest_Generation = YES;
				INFOPLIST_KEY_UIApplicationSupportsIndirectInputEvents = YES;
				INFOPLIST_KEY_UILaunchScreen_Generation = YES;
				INFOPLIST_KEY_UISupportedInterfaceOrientations_iPad = "UIInterfaceOrientationPortrait UIInterfaceOrientationPortraitUpsideDown UIInterfaceOrientationLandscapeLeft UIInterfaceOrientationLandscapeRight";
				INFOPLIST_KEY_UISupportedInterfaceOrientations_iPhone = "UIInterfaceOrientationPortrait UIInterfaceOrientationLandscapeLeft UIInterfaceOrientationLandscapeRight";
				LD_RUNPATH_SEARCH_PATHS = (
					"$(inherited)",
					"@executable_path/Frameworks",
				);
				MARKETING_VERSION = 1.0;
				PRODUCT_BUNDLE_IDENTIFIER = com.victorkreniskiairapps.SonarCloudTests;
				PRODUCT_NAME = "$(TARGET_NAME)";
				SWIFT_EMIT_LOC_STRINGS = YES;
				SWIFT_VERSION = 5.0;
				TARGETED_DEVICE_FAMILY = "1,2";
			};
			name = Release;
		};
		44B033FC2A856274003512D2 /* Debug */ = {
			isa = XCBuildConfiguration;
			buildSettings = {
				ALWAYS_EMBED_SWIFT_STANDARD_LIBRARIES = YES;
				BUNDLE_LOADER = "$(TEST_HOST)";
				CODE_SIGN_STYLE = Automatic;
				CURRENT_PROJECT_VERSION = 1;
				DEVELOPMENT_TEAM = B73LGVVW5J;
				GENERATE_INFOPLIST_FILE = YES;
				IPHONEOS_DEPLOYMENT_TARGET = 16.4;
				MARKETING_VERSION = 1.0;
				PRODUCT_BUNDLE_IDENTIFIER = com.victorkreniskiairapps.SonarCloudTestsTests;
				PRODUCT_NAME = "$(TARGET_NAME)";
				SWIFT_EMIT_LOC_STRINGS = NO;
				SWIFT_VERSION = 5.0;
				TARGETED_DEVICE_FAMILY = "1,2";
				TEST_HOST = "$(BUILT_PRODUCTS_DIR)/SonarCloudTests.app/$(BUNDLE_EXECUTABLE_FOLDER_PATH)/SonarCloudTests";
			};
			name = Debug;
		};
		44B033FD2A856274003512D2 /* Release */ = {
			isa = XCBuildConfiguration;
			buildSettings = {
				ALWAYS_EMBED_SWIFT_STANDARD_LIBRARIES = YES;
				BUNDLE_LOADER = "$(TEST_HOST)";
				CODE_SIGN_STYLE = Automatic;
				CURRENT_PROJECT_VERSION = 1;
				DEVELOPMENT_TEAM = B73LGVVW5J;
				GENERATE_INFOPLIST_FILE = YES;
				IPHONEOS_DEPLOYMENT_TARGET = 16.4;
				MARKETING_VERSION = 1.0;
				PRODUCT_BUNDLE_IDENTIFIER = com.victorkreniskiairapps.SonarCloudTestsTests;
				PRODUCT_NAME = "$(TARGET_NAME)";
				SWIFT_EMIT_LOC_STRINGS = NO;
				SWIFT_VERSION = 5.0;
				TARGETED_DEVICE_FAMILY = "1,2";
				TEST_HOST = "$(BUILT_PRODUCTS_DIR)/SonarCloudTests.app/$(BUNDLE_EXECUTABLE_FOLDER_PATH)/SonarCloudTests";
			};
			name = Release;
		};
		44B033FF2A856274003512D2 /* Debug */ = {
			isa = XCBuildConfiguration;
			buildSettings = {
				ALWAYS_EMBED_SWIFT_STANDARD_LIBRARIES = YES;
				CODE_SIGN_STYLE = Automatic;
				CURRENT_PROJECT_VERSION = 1;
				DEVELOPMENT_TEAM = B73LGVVW5J;
				GENERATE_INFOPLIST_FILE = YES;
				MARKETING_VERSION = 1.0;
				PRODUCT_BUNDLE_IDENTIFIER = com.victorkreniskiairapps.SonarCloudTestsUITests;
				PRODUCT_NAME = "$(TARGET_NAME)";
				SWIFT_EMIT_LOC_STRINGS = NO;
				SWIFT_VERSION = 5.0;
				TARGETED_DEVICE_FAMILY = "1,2";
				TEST_TARGET_NAME = SonarCloudTests;
			};
			name = Debug;
		};
		44B034002A856274003512D2 /* Release */ = {
			isa = XCBuildConfiguration;
			buildSettings = {
				ALWAYS_EMBED_SWIFT_STANDARD_LIBRARIES = YES;
				CODE_SIGN_STYLE = Automatic;
				CURRENT_PROJECT_VERSION = 1;
				DEVELOPMENT_TEAM = B73LGVVW5J;
				GENERATE_INFOPLIST_FILE = YES;
				MARKETING_VERSION = 1.0;
				PRODUCT_BUNDLE_IDENTIFIER = com.victorkreniskiairapps.SonarCloudTestsUITests;
				PRODUCT_NAME = "$(TARGET_NAME)";
				SWIFT_EMIT_LOC_STRINGS = NO;
				SWIFT_VERSION = 5.0;
				TARGETED_DEVICE_FAMILY = "1,2";
				TEST_TARGET_NAME = SonarCloudTests;
			};
			name = Release;
		};
/* End XCBuildConfiguration section */

/* Begin XCConfigurationList section */
		44B033CF2A856273003512D2 /* Build configuration list for PBXProject "SonarCloudTests" */ = {
			isa = XCConfigurationList;
			buildConfigurations = (
				44B033F62A856274003512D2 /* Debug */,
				44B033F72A856274003512D2 /* Release */,
			);
			defaultConfigurationIsVisible = 0;
			defaultConfigurationName = Release;
		};
		44B033F82A856274003512D2 /* Build configuration list for PBXNativeTarget "SonarCloudTests" */ = {
			isa = XCConfigurationList;
			buildConfigurations = (
				44B033F92A856274003512D2 /* Debug */,
				44B033FA2A856274003512D2 /* Release */,
			);
			defaultConfigurationIsVisible = 0;
			defaultConfigurationName = Release;
		};
		44B033FB2A856274003512D2 /* Build configuration list for PBXNativeTarget "SonarCloudTestsTests" */ = {
			isa = XCConfigurationList;
			buildConfigurations = (
				44B033FC2A856274003512D2 /* Debug */,
				44B033FD2A856274003512D2 /* Release */,
			);
			defaultConfigurationIsVisible = 0;
			defaultConfigurationName = Release;
		};
		44B033FE2A856274003512D2 /* Build configuration list for PBXNativeTarget "SonarCloudTestsUITests" */ = {
			isa = XCConfigurationList;
			buildConfigurations = (
				44B033FF2A856274003512D2 /* Debug */,
				44B034002A856274003512D2 /* Release */,
			);
			defaultConfigurationIsVisible = 0;
			defaultConfigurationName = Release;
		};
/* End XCConfigurationList section */

/* Begin XCRemoteSwiftPackageReference section */
		44AAB9222A9F7B0F006BAE34 /* XCRemoteSwiftPackageReference "swift-composable-architecture" */ = {
			isa = XCRemoteSwiftPackageReference;
			repositoryURL = "git@github.com:pointfreeco/swift-composable-architecture.git";
			requirement = {
				kind = upToNextMajorVersion;
				minimumVersion = 1.0.0;
			};
		};
/* End XCRemoteSwiftPackageReference section */

/* Begin XCSwiftPackageProductDependency section */
		44AAB9232A9F7B0F006BAE34 /* ComposableArchitecture */ = {
			isa = XCSwiftPackageProductDependency;
			package = 44AAB9222A9F7B0F006BAE34 /* XCRemoteSwiftPackageReference "swift-composable-architecture" */;
			productName = ComposableArchitecture;
		};
/* End XCSwiftPackageProductDependency section */
	};
	rootObject = 44B033CC2A856273003512D2 /* Project object */;
}
